// !$*UTF8*$!
{
	archiveVersion = 1;
	classes = {
	};
	objectVersion = 56;
	objects = {

/* Begin PBXBuildFile section */
		A747AC932CA1A1FF004AECC6 /* main.m in Sources */ = {isa = PBXBuildFile; fileRef = A747AC922CA1A1FF004AECC6 /* main.m */; };
		A747ACA12CA1A303004AECC6 /* unlimited_task_for_pid.c in Sources */ = {isa = PBXBuildFile; fileRef = A747ACA02CA1A303004AECC6 /* unlimited_task_for_pid.c */; };
/* End PBXBuildFile section */

/* Begin PBXCopyFilesBuildPhase section */
		A747AC8D2CA1A1FF004AECC6 /* CopyFiles */ = {
			isa = PBXCopyFilesBuildPhase;
			buildActionMask = 2147483647;
			dstPath = /usr/share/man/man1/;
			dstSubfolderSpec = 0;
			files = (
			);
			runOnlyForDeploymentPostprocessing = 1;
		};
/* End PBXCopyFilesBuildPhase section */

/* Begin PBXFileReference section */
		A747AC8F2CA1A1FF004AECC6 /* unlimited-injector */ = {isa = PBXFileReference; explicitFileType = "compiled.mach-o.executable"; includeInIndex = 0; path = "unlimited-injector"; sourceTree = BUILT_PRODUCTS_DIR; };
		A747AC922CA1A1FF004AECC6 /* main.m */ = {isa = PBXFileReference; lastKnownFileType = sourcecode.c.objc; path = main.m; sourceTree = "<group>"; };
		A747AC9E2CA1A303004AECC6 /* unlimited-task-for-pid.kext */ = {isa = PBXFileReference; explicitFileType = wrapper.cfbundle; includeInIndex = 0; path = "unlimited-task-for-pid.kext"; sourceTree = BUILT_PRODUCTS_DIR; };
		A747ACA02CA1A303004AECC6 /* unlimited_task_for_pid.c */ = {isa = PBXFileReference; lastKnownFileType = sourcecode.c.c; path = unlimited_task_for_pid.c; sourceTree = "<group>"; };
		A747ACA22CA1A303004AECC6 /* Info.plist */ = {isa = PBXFileReference; lastKnownFileType = text.plist.xml; path = Info.plist; sourceTree = "<group>"; };
/* End PBXFileReference section */

/* Begin PBXFrameworksBuildPhase section */
		A747AC8C2CA1A1FF004AECC6 /* Frameworks */ = {
			isa = PBXFrameworksBuildPhase;
			buildActionMask = 2147483647;
			files = (
			);
			runOnlyForDeploymentPostprocessing = 0;
		};
		A747AC9B2CA1A303004AECC6 /* Frameworks */ = {
			isa = PBXFrameworksBuildPhase;
			buildActionMask = 2147483647;
			files = (
			);
			runOnlyForDeploymentPostprocessing = 0;
		};
/* End PBXFrameworksBuildPhase section */

/* Begin PBXGroup section */
		A747AC862CA1A1FF004AECC6 = {
			isa = PBXGroup;
			children = (
				A747AC912CA1A1FF004AECC6 /* unlimited-injector */,
				A747AC9F2CA1A303004AECC6 /* unlimited-task-for-pid */,
				A747AC902CA1A1FF004AECC6 /* Products */,
			);
			sourceTree = "<group>";
		};
		A747AC902CA1A1FF004AECC6 /* Products */ = {
			isa = PBXGroup;
			children = (
				A747AC8F2CA1A1FF004AECC6 /* unlimited-injector */,
				A747AC9E2CA1A303004AECC6 /* unlimited-task-for-pid.kext */,
			);
			name = Products;
			sourceTree = "<group>";
		};
		A747AC912CA1A1FF004AECC6 /* unlimited-injector */ = {
			isa = PBXGroup;
			children = (
				A747AC922CA1A1FF004AECC6 /* main.m */,
			);
			path = "unlimited-injector";
			sourceTree = "<group>";
		};
		A747AC9F2CA1A303004AECC6 /* unlimited-task-for-pid */ = {
			isa = PBXGroup;
			children = (
				A747ACA02CA1A303004AECC6 /* unlimited_task_for_pid.c */,
				A747ACA22CA1A303004AECC6 /* Info.plist */,
			);
			path = "unlimited-task-for-pid";
			sourceTree = "<group>";
		};
/* End PBXGroup section */

/* Begin PBXHeadersBuildPhase section */
		A747AC992CA1A303004AECC6 /* Headers */ = {
			isa = PBXHeadersBuildPhase;
			buildActionMask = 2147483647;
			files = (
			);
			runOnlyForDeploymentPostprocessing = 0;
		};
/* End PBXHeadersBuildPhase section */

/* Begin PBXNativeTarget section */
		A747AC8E2CA1A1FF004AECC6 /* unlimited-injector */ = {
			isa = PBXNativeTarget;
			buildConfigurationList = A747AC962CA1A1FF004AECC6 /* Build configuration list for PBXNativeTarget "unlimited-injector" */;
			buildPhases = (
				A747AC8B2CA1A1FF004AECC6 /* Sources */,
				A747AC8C2CA1A1FF004AECC6 /* Frameworks */,
				A747AC8D2CA1A1FF004AECC6 /* CopyFiles */,
			);
			buildRules = (
			);
			dependencies = (
			);
			name = "unlimited-injector";
			productName = "unlimitedI-injector";
			productReference = A747AC8F2CA1A1FF004AECC6 /* unlimited-injector */;
			productType = "com.apple.product-type.tool";
		};
		A747AC9D2CA1A303004AECC6 /* unlimited-task-for-pid */ = {
			isa = PBXNativeTarget;
			buildConfigurationList = A747ACA32CA1A303004AECC6 /* Build configuration list for PBXNativeTarget "unlimited-task-for-pid" */;
			buildPhases = (
				A747AC992CA1A303004AECC6 /* Headers */,
				A747AC9A2CA1A303004AECC6 /* Sources */,
				A747AC9B2CA1A303004AECC6 /* Frameworks */,
				A747AC9C2CA1A303004AECC6 /* Resources */,
			);
			buildRules = (
			);
			dependencies = (
			);
			name = "unlimited-task-for-pid";
			productName = "unlimited-task-for-pid";
			productReference = A747AC9E2CA1A303004AECC6 /* unlimited-task-for-pid.kext */;
			productType = "com.apple.product-type.kernel-extension";
		};
/* End PBXNativeTarget section */

/* Begin PBXProject section */
		A747AC872CA1A1FF004AECC6 /* Project object */ = {
			isa = PBXProject;
			attributes = {
				BuildIndependentTargetsInParallel = 1;
				LastUpgradeCheck = 1540;
				TargetAttributes = {
					A747AC8E2CA1A1FF004AECC6 = {
						CreatedOnToolsVersion = 15.4;
					};
					A747AC9D2CA1A303004AECC6 = {
						CreatedOnToolsVersion = 15.4;
					};
				};
			};
			buildConfigurationList = A747AC8A2CA1A1FF004AECC6 /* Build configuration list for PBXProject "unlimited-task-for-pid" */;
			compatibilityVersion = "Xcode 14.0";
			developmentRegion = en;
			hasScannedForEncodings = 0;
			knownRegions = (
				en,
				Base,
			);
			mainGroup = A747AC862CA1A1FF004AECC6;
			productRefGroup = A747AC902CA1A1FF004AECC6 /* Products */;
			projectDirPath = "";
			projectRoot = "";
			targets = (
				A747AC8E2CA1A1FF004AECC6 /* unlimited-injector */,
				A747AC9D2CA1A303004AECC6 /* unlimited-task-for-pid */,
			);
		};
/* End PBXProject section */

/* Begin PBXResourcesBuildPhase section */
		A747AC9C2CA1A303004AECC6 /* Resources */ = {
			isa = PBXResourcesBuildPhase;
			buildActionMask = 2147483647;
			files = (
			);
			runOnlyForDeploymentPostprocessing = 0;
		};
/* End PBXResourcesBuildPhase section */

/* Begin PBXSourcesBuildPhase section */
		A747AC8B2CA1A1FF004AECC6 /* Sources */ = {
			isa = PBXSourcesBuildPhase;
			buildActionMask = 2147483647;
			files = (
				A747AC932CA1A1FF004AECC6 /* main.m in Sources */,
			);
			runOnlyForDeploymentPostprocessing = 0;
		};
		A747AC9A2CA1A303004AECC6 /* Sources */ = {
			isa = PBXSourcesBuildPhase;
			buildActionMask = 2147483647;
			files = (
				A747ACA12CA1A303004AECC6 /* unlimited_task_for_pid.c in Sources */,
			);
			runOnlyForDeploymentPostprocessing = 0;
		};
/* End PBXSourcesBuildPhase section */

/* Begin XCBuildConfiguration section */
		A747AC942CA1A1FF004AECC6 /* Debug */ = {
			isa = XCBuildConfiguration;
			buildSettings = {
				ALWAYS_SEARCH_USER_PATHS = NO;
				ASSETCATALOG_COMPILER_GENERATE_SWIFT_ASSET_SYMBOL_EXTENSIONS = YES;
				CLANG_ANALYZER_NONNULL = YES;
				CLANG_ANALYZER_NUMBER_OBJECT_CONVERSION = YES_AGGRESSIVE;
				CLANG_CXX_LANGUAGE_STANDARD = "gnu++20";
				CLANG_ENABLE_MODULES = YES;
				CLANG_ENABLE_OBJC_ARC = YES;
				CLANG_ENABLE_OBJC_WEAK = YES;
				CLANG_WARN_BLOCK_CAPTURE_AUTORELEASING = YES;
				CLANG_WARN_BOOL_CONVERSION = YES;
				CLANG_WARN_COMMA = YES;
				CLANG_WARN_CONSTANT_CONVERSION = YES;
				CLANG_WARN_DEPRECATED_OBJC_IMPLEMENTATIONS = YES;
				CLANG_WARN_DIRECT_OBJC_ISA_USAGE = YES_ERROR;
				CLANG_WARN_DOCUMENTATION_COMMENTS = YES;
				CLANG_WARN_EMPTY_BODY = YES;
				CLANG_WARN_ENUM_CONVERSION = YES;
				CLANG_WARN_INFINITE_RECURSION = YES;
				CLANG_WARN_INT_CONVERSION = YES;
				CLANG_WARN_NON_LITERAL_NULL_CONVERSION = YES;
				CLANG_WARN_OBJC_IMPLICIT_RETAIN_SELF = YES;
				CLANG_WARN_OBJC_LITERAL_CONVERSION = YES;
				CLANG_WARN_OBJC_ROOT_CLASS = YES_ERROR;
				CLANG_WARN_QUOTED_INCLUDE_IN_FRAMEWORK_HEADER = YES;
				CLANG_WARN_RANGE_LOOP_ANALYSIS = YES;
				CLANG_WARN_STRICT_PROTOTYPES = YES;
				CLANG_WARN_SUSPICIOUS_MOVE = YES;
				CLANG_WARN_UNGUARDED_AVAILABILITY = YES_AGGRESSIVE;
				CLANG_WARN_UNREACHABLE_CODE = YES;
				CLANG_WARN__DUPLICATE_METHOD_MATCH = YES;
				COPY_PHASE_STRIP = NO;
				DEBUG_INFORMATION_FORMAT = dwarf;
				ENABLE_STRICT_OBJC_MSGSEND = YES;
				ENABLE_TESTABILITY = YES;
				ENABLE_USER_SCRIPT_SANDBOXING = YES;
				GCC_C_LANGUAGE_STANDARD = gnu17;
				GCC_DYNAMIC_NO_PIC = NO;
				GCC_NO_COMMON_BLOCKS = YES;
				GCC_OPTIMIZATION_LEVEL = 0;
				GCC_PREPROCESSOR_DEFINITIONS = (
					"DEBUG=1",
					"$(inherited)",
				);
				GCC_WARN_64_TO_32_BIT_CONVERSION = YES;
				GCC_WARN_ABOUT_RETURN_TYPE = YES_ERROR;
				GCC_WARN_UNDECLARED_SELECTOR = YES;
				GCC_WARN_UNINITIALIZED_AUTOS = YES_AGGRESSIVE;
				GCC_WARN_UNUSED_FUNCTION = YES;
				GCC_WARN_UNUSED_VARIABLE = YES;
				LOCALIZATION_PREFERS_STRING_CATALOGS = YES;
				MACOSX_DEPLOYMENT_TARGET = 14.5;
				MTL_ENABLE_DEBUG_INFO = INCLUDE_SOURCE;
				MTL_FAST_MATH = YES;
				ONLY_ACTIVE_ARCH = YES;
				SDKROOT = macosx;
			};
			name = Debug;
		};
		A747AC952CA1A1FF004AECC6 /* Release */ = {
			isa = XCBuildConfiguration;
			buildSettings = {
				ALWAYS_SEARCH_USER_PATHS = NO;
				ASSETCATALOG_COMPILER_GENERATE_SWIFT_ASSET_SYMBOL_EXTENSIONS = YES;
				CLANG_ANALYZER_NONNULL = YES;
				CLANG_ANALYZER_NUMBER_OBJECT_CONVERSION = YES_AGGRESSIVE;
				CLANG_CXX_LANGUAGE_STANDARD = "gnu++20";
				CLANG_ENABLE_MODULES = YES;
				CLANG_ENABLE_OBJC_ARC = YES;
				CLANG_ENABLE_OBJC_WEAK = YES;
				CLANG_WARN_BLOCK_CAPTURE_AUTORELEASING = YES;
				CLANG_WARN_BOOL_CONVERSION = YES;
				CLANG_WARN_COMMA = YES;
				CLANG_WARN_CONSTANT_CONVERSION = YES;
				CLANG_WARN_DEPRECATED_OBJC_IMPLEMENTATIONS = YES;
				CLANG_WARN_DIRECT_OBJC_ISA_USAGE = YES_ERROR;
				CLANG_WARN_DOCUMENTATION_COMMENTS = YES;
				CLANG_WARN_EMPTY_BODY = YES;
				CLANG_WARN_ENUM_CONVERSION = YES;
				CLANG_WARN_INFINITE_RECURSION = YES;
				CLANG_WARN_INT_CONVERSION = YES;
				CLANG_WARN_NON_LITERAL_NULL_CONVERSION = YES;
				CLANG_WARN_OBJC_IMPLICIT_RETAIN_SELF = YES;
				CLANG_WARN_OBJC_LITERAL_CONVERSION = YES;
				CLANG_WARN_OBJC_ROOT_CLASS = YES_ERROR;
				CLANG_WARN_QUOTED_INCLUDE_IN_FRAMEWORK_HEADER = YES;
				CLANG_WARN_RANGE_LOOP_ANALYSIS = YES;
				CLANG_WARN_STRICT_PROTOTYPES = YES;
				CLANG_WARN_SUSPICIOUS_MOVE = YES;
				CLANG_WARN_UNGUARDED_AVAILABILITY = YES_AGGRESSIVE;
				CLANG_WARN_UNREACHABLE_CODE = YES;
				CLANG_WARN__DUPLICATE_METHOD_MATCH = YES;
				COPY_PHASE_STRIP = NO;
				DEBUG_INFORMATION_FORMAT = "dwarf-with-dsym";
				ENABLE_NS_ASSERTIONS = NO;
				ENABLE_STRICT_OBJC_MSGSEND = YES;
				ENABLE_USER_SCRIPT_SANDBOXING = YES;
				GCC_C_LANGUAGE_STANDARD = gnu17;
				GCC_NO_COMMON_BLOCKS = YES;
				GCC_WARN_64_TO_32_BIT_CONVERSION = YES;
				GCC_WARN_ABOUT_RETURN_TYPE = YES_ERROR;
				GCC_WARN_UNDECLARED_SELECTOR = YES;
				GCC_WARN_UNINITIALIZED_AUTOS = YES_AGGRESSIVE;
				GCC_WARN_UNUSED_FUNCTION = YES;
				GCC_WARN_UNUSED_VARIABLE = YES;
				LOCALIZATION_PREFERS_STRING_CATALOGS = YES;
				MACOSX_DEPLOYMENT_TARGET = 14.5;
				MTL_ENABLE_DEBUG_INFO = NO;
				MTL_FAST_MATH = YES;
				SDKROOT = macosx;
			};
			name = Release;
		};
		A747AC972CA1A1FF004AECC6 /* Debug */ = {
			isa = XCBuildConfiguration;
			buildSettings = {
				CODE_SIGN_STYLE = Automatic;
				GCC_PREPROCESSOR_DEFINITIONS = (
					"DEBUG=1",
					"$(inherited)",
					X86_64,
				);
				PRODUCT_NAME = "$(TARGET_NAME)";
			};
			name = Debug;
		};
		A747AC982CA1A1FF004AECC6 /* Release */ = {
			isa = XCBuildConfiguration;
			buildSettings = {
				CODE_SIGN_STYLE = Automatic;
				PRODUCT_NAME = "$(TARGET_NAME)";
			};
			name = Release;
		};
		A747ACA42CA1A303004AECC6 /* Debug */ = {
			isa = XCBuildConfiguration;
			buildSettings = {
				CLANG_WARN_QUOTED_INCLUDE_IN_FRAMEWORK_HEADER = NO;
				CODE_SIGN_STYLE = Automatic;
				CURRENT_PROJECT_VERSION = 1;
				GENERATE_INFOPLIST_FILE = YES;
				INFOPLIST_FILE = "unlimited-task-for-pid/Info.plist";
				INFOPLIST_KEY_NSHumanReadableCopyright = "";
				MACOSX_DEPLOYMENT_TARGET = 10.15;
				MARKETING_VERSION = 1.0;
				MODULE_NAME = com.melo.unlimited_task_for_pid;
				MODULE_START = unlimited_task_for_pid_start;
				MODULE_STOP = unlimited_task_for_pid_stop;
				MODULE_VERSION = 1.0.0d1;
				PRODUCT_BUNDLE_IDENTIFIER = "com.melo.unlimited-task-for-pid";
				PRODUCT_NAME = "$(TARGET_NAME)";
				RUN_CLANG_STATIC_ANALYZER = YES;
				SWIFT_EMIT_LOC_STRINGS = YES;
				WRAPPER_EXTENSION = kext;
			};
			name = Debug;
		};
		A747ACA52CA1A303004AECC6 /* Release */ = {
			isa = XCBuildConfiguration;
			buildSettings = {
				CLANG_WARN_QUOTED_INCLUDE_IN_FRAMEWORK_HEADER = NO;
				CODE_SIGN_STYLE = Automatic;
				CURRENT_PROJECT_VERSION = 1;
				GENERATE_INFOPLIST_FILE = YES;
				INFOPLIST_FILE = "unlimited-task-for-pid/Info.plist";
				INFOPLIST_KEY_NSHumanReadableCopyright = "";
				MACOSX_DEPLOYMENT_TARGET = 10.15;
				MARKETING_VERSION = 1.0;
				MODULE_NAME = com.melo.unlimited_task_for_pid;
				MODULE_START = unlimited_task_for_pid_start;
				MODULE_STOP = unlimited_task_for_pid_stop;
				MODULE_VERSION = 1.0.0d1;
				PRODUCT_BUNDLE_IDENTIFIER = "com.melo.unlimited-task-for-pid";
				PRODUCT_NAME = "$(TARGET_NAME)";
				RUN_CLANG_STATIC_ANALYZER = YES;
				SWIFT_EMIT_LOC_STRINGS = YES;
				WRAPPER_EXTENSION = kext;
			};
			name = Release;
		};
/* End XCBuildConfiguration section */

/* Begin XCConfigurationList section */
		A747AC8A2CA1A1FF004AECC6 /* Build configuration list for PBXProject "unlimited-task-for-pid" */ = {
			isa = XCConfigurationList;
			buildConfigurations = (
				A747AC942CA1A1FF004AECC6 /* Debug */,
				A747AC952CA1A1FF004AECC6 /* Release */,
			);
			defaultConfigurationIsVisible = 0;
			defaultConfigurationName = Release;
		};
		A747AC962CA1A1FF004AECC6 /* Build configuration list for PBXNativeTarget "unlimited-injector" */ = {
			isa = XCConfigurationList;
			buildConfigurations = (
				A747AC972CA1A1FF004AECC6 /* Debug */,
				A747AC982CA1A1FF004AECC6 /* Release */,
			);
			defaultConfigurationIsVisible = 0;
			defaultConfigurationName = Release;
		};
		A747ACA32CA1A303004AECC6 /* Build configuration list for PBXNativeTarget "unlimited-task-for-pid" */ = {
			isa = XCConfigurationList;
			buildConfigurations = (
				A747ACA42CA1A303004AECC6 /* Debug */,
				A747ACA52CA1A303004AECC6 /* Release */,
			);
			defaultConfigurationIsVisible = 0;
			defaultConfigurationName = Release;
		};
/* End XCConfigurationList section */
	};
	rootObject = A747AC872CA1A1FF004AECC6 /* Project object */;
}
